PODS:
  - FMDB (2.6.2):
    - FMDB/standard (= 2.6.2)
  - FMDB/standard (2.6.2)
  - mailcore2-ios (0.6.4)
  - MBProgressHUD (0.9.2)
  - SnapKit (0.15.0)
  - YTKKeyValueStore (0.1.2):
    - FMDB (~> 2.0)

DEPENDENCIES:
  - mailcore2-ios
  - MBProgressHUD (~> 0.9.2)
  - SnapKit (~> 0.15.0)
  - YTKKeyValueStore

SPEC CHECKSUMS:
  FMDB: 854a0341b4726e53276f2a8996f06f1b80f9259a
  mailcore2-ios: 3ff0be2fa553d4da9c11d39c11d51863c768f24f
  MBProgressHUD: 1569cf7ace17a8bac47aabfbb8580a49690386d1
  SnapKit: 4962eed2ee18e48cbd2b2292fffc57efe7235f87
  YTKKeyValueStore: 4d002941540dd5108fa23009b71e0f2f937f7a0f

COCOAPODS: 0.39.0
